# THIS IS AN AUTOGENERATED FILE. DO NOT EDIT THIS FILE DIRECTLY.
# yarn lockfile v1


is-equal@~0.1.0:
  version "0.1.0"
  resolved "https://registry.yarnpkg.com/is-equal/-/is-equal-0.1.0.tgz#fcf6e0fdc9dca9a4d4768bae73b8cdaa5b3fab6e"
  integrity sha1-/Pbg/cncqaTUdouuc7jNqls/q24=

jsdiff@^1.1.1:
  version "1.1.1"
  resolved "https://registry.yarnpkg.com/jsdiff/-/jsdiff-1.1.1.tgz#eaa6e7c16db9f64b979d28f986fa1ca457b222e5"
  integrity sha1-6qbnwW259kuXnSj5hvocpFeyIuU=
  dependencies:
    is-equal "~0.1.0"
